
Microsoft Visual Studio Solution File, Format Version 12.00
# Visual Studio Version 16
VisualStudioVersion = 16.0.30717.126
MinimumVisualStudioVersion = 10.0.40219.1
Project("{FAE04EC0-301F-11D3-BF4B-00C04F79EFBC}") = "Exercicio_Aula_137", "Exercicio_Aula_137\Exercicio_Aula_137.csproj", "{90D3265B-ACBB-44E7-BD63-64B8EC22B64A}"
EndProject
Global
	GlobalSection(SolutionConfigurationPlatforms) = preSolution
		Debug|Any CPU = Debug|Any CPU
		Release|Any CPU = Release|Any CPU
	EndGlobalSection
	GlobalSection(ProjectConfigurationPlatforms) = postSolution
		{90D3265B-ACBB-44E7-BD63-64B8EC22B64A}.Debug|Any CPU.ActiveCfg = Debug|Any CPU
		{90D3265B-ACBB-44E7-BD63-64B8EC22B64A}.Debug|Any CPU.Build.0 = Debug|Any CPU
		{90D3265B-ACBB-44E7-BD63-64B8EC22B64A}.Release|Any CPU.ActiveCfg = Release|Any CPU
		{90D3265B-ACBB-44E7-BD63-64B8EC22B64A}.Release|Any CPU.Build.0 = Release|Any CPU
	EndGlobalSection
	GlobalSection(SolutionProperties) = preSolution
		HideSolutionNode = FALSE
	EndGlobalSection
	GlobalSection(ExtensibilityGlobals) = postSolution
		SolutionGuid = {7A8A286A-CB05-4C95-94AB-C8EA726EA616}
	EndGlobalSection
EndGlobal
